
Microsoft Visual Studio Solution File, Format Version 12.00
# Visual Studio 15
VisualStudioVersion = 15.0.27130.2036
MinimumVisualStudioVersion = 10.0.40219.1
Project("{9A19103F-16F7-4668-BE54-9A1E7A4F7556}") = "LinkDotNet.MessageHandling", "LinkDotNet.MessageHandling\LinkDotNet.MessageHandling.csproj", "{F56A4C2D-6805-49F1-9561-1FF9D7207AEC}"
EndProject
Project("{9A19103F-16F7-4668-BE54-9A1E7A4F7556}") = "LinkDotNet.MessageHandling.Contracts", "LinkDotNet.MessageHandling.Contracts\LinkDotNet.MessageHandling.Contracts.csproj", "{127F83BE-0844-4CA6-8561-1987B48D818D}"
EndProject
Project("{9A19103F-16F7-4668-BE54-9A1E7A4F7556}") = "LinkDotNet.MessageHandling.Tests", "LinkDotNet.MessageHandling.Tests\LinkDotNet.MessageHandling.Tests.csproj", "{E8FDA71D-1121-43D0-9CD3-1C9E18CDE534}"
EndProject
Project("{9A19103F-16F7-4668-BE54-9A1E7A4F7556}") = "LinkDotNet.MessageHandling.DI", "LinkDotNet.MessageHandling.DI\LinkDotNet.MessageHandling.DI.csproj", "{C709CD38-BF0B-4A2E-AF7B-18BD904501E7}"
EndProject
Project("{FAE04EC0-301F-11D3-BF4B-00C04F79EFBC}") = "Sample", "Sample\Sample.csproj", "{41E725D4-4869-402C-9A52-A17A344C1259}"
EndProject
Global
	GlobalSection(SolutionConfigurationPlatforms) = preSolution
		Debug|Any CPU = Debug|Any CPU
		Release|Any CPU = Release|Any CPU
	EndGlobalSection
	GlobalSection(ProjectConfigurationPlatforms) = postSolution
		{F56A4C2D-6805-49F1-9561-1FF9D7207AEC}.Debug|Any CPU.ActiveCfg = Debug|Any CPU
		{F56A4C2D-6805-49F1-9561-1FF9D7207AEC}.Debug|Any CPU.Build.0 = Debug|Any CPU
		{F56A4C2D-6805-49F1-9561-1FF9D7207AEC}.Release|Any CPU.ActiveCfg = Release|Any CPU
		{F56A4C2D-6805-49F1-9561-1FF9D7207AEC}.Release|Any CPU.Build.0 = Release|Any CPU
		{127F83BE-0844-4CA6-8561-1987B48D818D}.Debug|Any CPU.ActiveCfg = Debug|Any CPU
		{127F83BE-0844-4CA6-8561-1987B48D818D}.Debug|Any CPU.Build.0 = Debug|Any CPU
		{127F83BE-0844-4CA6-8561-1987B48D818D}.Release|Any CPU.ActiveCfg = Release|Any CPU
		{127F83BE-0844-4CA6-8561-1987B48D818D}.Release|Any CPU.Build.0 = Release|Any CPU
		{E8FDA71D-1121-43D0-9CD3-1C9E18CDE534}.Debug|Any CPU.ActiveCfg = Debug|Any CPU
		{E8FDA71D-1121-43D0-9CD3-1C9E18CDE534}.Debug|Any CPU.Build.0 = Debug|Any CPU
		{E8FDA71D-1121-43D0-9CD3-1C9E18CDE534}.Release|Any CPU.ActiveCfg = Release|Any CPU
		{E8FDA71D-1121-43D0-9CD3-1C9E18CDE534}.Release|Any CPU.Build.0 = Release|Any CPU
		{C709CD38-BF0B-4A2E-AF7B-18BD904501E7}.Debug|Any CPU.ActiveCfg = Debug|Any CPU
		{C709CD38-BF0B-4A2E-AF7B-18BD904501E7}.Debug|Any CPU.Build.0 = Debug|Any CPU
		{C709CD38-BF0B-4A2E-AF7B-18BD904501E7}.Release|Any CPU.ActiveCfg = Release|Any CPU
		{C709CD38-BF0B-4A2E-AF7B-18BD904501E7}.Release|Any CPU.Build.0 = Release|Any CPU
		{41E725D4-4869-402C-9A52-A17A344C1259}.Debug|Any CPU.ActiveCfg = Debug|Any CPU
		{41E725D4-4869-402C-9A52-A17A344C1259}.Debug|Any CPU.Build.0 = Debug|Any CPU
		{41E725D4-4869-402C-9A52-A17A344C1259}.Release|Any CPU.ActiveCfg = Release|Any CPU
		{41E725D4-4869-402C-9A52-A17A344C1259}.Release|Any CPU.Build.0 = Release|Any CPU
	EndGlobalSection
	GlobalSection(SolutionProperties) = preSolution
		HideSolutionNode = FALSE
	EndGlobalSection
	GlobalSection(ExtensibilityGlobals) = postSolution
		SolutionGuid = {19433214-6929-445D-A44B-09EBDA3C0341}
	EndGlobalSection
EndGlobal
