
Microsoft Visual Studio Solution File, Format Version 12.00
# Visual Studio 15
VisualStudioVersion = 15.0.27130.2036
MinimumVisualStudioVersion = 10.0.40219.1
Project("{FAE04EC0-301F-11D3-BF4B-00C04F79EFBC}") = "LinkDotNet.MessageHandling", "LinkDotNet.MessageHandling\LinkDotNet.MessageHandling.csproj", "{F56A4C2D-6805-49F1-9561-1FF9D7207AEC}"
EndProject
Global
	GlobalSection(SolutionConfigurationPlatforms) = preSolution
		Debug|Any CPU = Debug|Any CPU
		Release|Any CPU = Release|Any CPU
	EndGlobalSection
	GlobalSection(ProjectConfigurationPlatforms) = postSolution
		{F56A4C2D-6805-49F1-9561-1FF9D7207AEC}.Debug|Any CPU.ActiveCfg = Debug|Any CPU
		{F56A4C2D-6805-49F1-9561-1FF9D7207AEC}.Debug|Any CPU.Build.0 = Debug|Any CPU
		{F56A4C2D-6805-49F1-9561-1FF9D7207AEC}.Release|Any CPU.ActiveCfg = Release|Any CPU
		{F56A4C2D-6805-49F1-9561-1FF9D7207AEC}.Release|Any CPU.Build.0 = Release|Any CPU
	EndGlobalSection
	GlobalSection(SolutionProperties) = preSolution
		HideSolutionNode = FALSE
	EndGlobalSection
	GlobalSection(ExtensibilityGlobals) = postSolution
		SolutionGuid = {19433214-6929-445D-A44B-09EBDA3C0341}
	EndGlobalSection
EndGlobal
